{
  "version": 4,
  "terraform_version": "1.7.2",
  "serial": 9,
  "lineage": "36a6127e-3874-3bfa-fe7f-568db5d29c94",
  "outputs": {
    "webapp_ips": {
      "value": "20.71.3.246,20.73.37.157,20.73.39.43,20.73.39.99,20.73.39.100,20.73.192.17,20.73.192.215,20.73.193.149,20.73.195.220,20.73.196.40,20.73.39.196,20.73.196.60,20.73.197.108,20.73.198.100,20.73.198.157,20.73.198.192,20.73.198.228,20.73.199.89,20.73.199.251,20.76.16.160,20.76.17.64,20.76.18.151,20.76.19.127,20.76.19.243,20.105.232.4",
      "type": "string"
    },
    "webapp_url": {
      "value": "task-board-40783.azurewebsites.net",
      "type": "string"
    }
  },
  "resources": [
    {
      "mode": "managed",
      "type": "azurerm_app_service_source_control",
      "name": "github",
      "provider": "provider[\"registry.terraform.io/hashicorp/azurerm\"]",
      "instances": [
        {
          "schema_version": 0,
          "attributes": {
            "app_id": "/subscriptions/bb4dceca-1eda-4c76-9b54-f7140ba333e9/resourceGroups/TaskBoardRG-40783/providers/Microsoft.Web/sites/task-board-40783",
            "branch": "main",
            "github_action_configuration": [],
            "id": "/subscriptions/bb4dceca-1eda-4c76-9b54-f7140ba333e9/resourceGroups/TaskBoardRG-40783/providers/Microsoft.Web/sites/task-board-40783",
            "repo_url": "https://github.com/VladimirShalamanov/Azure-Web-App-with-Database-TaskBoard",
            "rollback_enabled": false,
            "scm_type": "ExternalGit",
            "timeouts": null,
            "use_local_git": false,
            "use_manual_integration": true,
            "use_mercurial": false,
            "uses_github_action": false
          },
          "sensitive_attributes": [],
          "private": "eyJlMmJmYjczMC1lY2FhLTExZTYtOGY4OC0zNDM2M2JjN2M0YzAiOnsiY3JlYXRlIjoxODAwMDAwMDAwMDAwLCJkZWxldGUiOjE4MDAwMDAwMDAwMDAsInJlYWQiOjMwMDAwMDAwMDAwMH19",
          "dependencies": [
            "azurerm_linux_web_app.alwa",
            "azurerm_mssql_database.database",
            "azurerm_mssql_server.mssql",
            "azurerm_resource_group.rg",
            "azurerm_service_plan.asp",
            "random_integer.ri"
          ]
        }
      ]
    },
    {
      "mode": "managed",
      "type": "azurerm_linux_web_app",
      "name": "alwa",
      "provider": "provider[\"registry.terraform.io/hashicorp/azurerm\"]",
      "instances": [
        {
          "schema_version": 1,
          "attributes": {
            "app_settings": null,
            "auth_settings": [],
            "auth_settings_v2": [],
            "backup": [],
            "client_affinity_enabled": false,
            "client_certificate_enabled": false,
            "client_certificate_exclusion_paths": "",
            "client_certificate_mode": "Required",
            "connection_string": [
              {
                "name": "DefaultConnection",
                "type": "SQLAzure",
                "value": "Data Source=tcp:task-board-sql-40783.database.windows.net,1433;Initial Catalog=TaskBoardDB-40783;User ID=4dm1n157r470r;Password=4-v3ry-53cr37-p455w0rd;Trusted_Connection=False; MultipleActiveResultSets=True;"
              }
            ],
            "custom_domain_verification_id": "341AA1DBAE74760AD3B97075DDF300F7AB0AD286F718D1A8998E973D295FFDB2",
            "default_hostname": "task-board-40783.azurewebsites.net",
            "enabled": true,
            "ftp_publish_basic_authentication_enabled": true,
            "hosting_environment_id": "",
            "https_only": false,
            "id": "/subscriptions/bb4dceca-1eda-4c76-9b54-f7140ba333e9/resourceGroups/TaskBoardRG-40783/providers/Microsoft.Web/sites/task-board-40783",
            "identity": [],
            "key_vault_reference_identity_id": "SystemAssigned",
            "kind": "app,linux",
            "location": "westeurope",
            "logs": [],
            "name": "task-board-40783",
            "outbound_ip_address_list": [
              "20.71.3.246",
              "20.73.37.157",
              "20.73.39.43",
              "20.73.39.99",
              "20.73.39.100",
              "20.73.192.17",
              "20.105.232.4"
            ],
            "outbound_ip_addresses": "20.71.3.246,20.73.37.157,20.73.39.43,20.73.39.99,20.73.39.100,20.73.192.17,20.105.232.4",
            "possible_outbound_ip_address_list": [
              "20.71.3.246",
              "20.73.37.157",
              "20.73.39.43",
              "20.73.39.99",
              "20.73.39.100",
              "20.73.192.17",
              "20.73.192.215",
              "20.73.193.149",
              "20.73.195.220",
              "20.73.196.40",
              "20.73.39.196",
              "20.73.196.60",
              "20.73.197.108",
              "20.73.198.100",
              "20.73.198.157",
              "20.73.198.192",
              "20.73.198.228",
              "20.73.199.89",
              "20.73.199.251",
              "20.76.16.160",
              "20.76.17.64",
              "20.76.18.151",
              "20.76.19.127",
              "20.76.19.243",
              "20.105.232.4"
            ],
            "possible_outbound_ip_addresses": "20.71.3.246,20.73.37.157,20.73.39.43,20.73.39.99,20.73.39.100,20.73.192.17,20.73.192.215,20.73.193.149,20.73.195.220,20.73.196.40,20.73.39.196,20.73.196.60,20.73.197.108,20.73.198.100,20.73.198.157,20.73.198.192,20.73.198.228,20.73.199.89,20.73.199.251,20.76.16.160,20.76.17.64,20.76.18.151,20.76.19.127,20.76.19.243,20.105.232.4",
            "public_network_access_enabled": true,
            "resource_group_name": "TaskBoardRG-40783",
            "service_plan_id": "/subscriptions/bb4dceca-1eda-4c76-9b54-f7140ba333e9/resourceGroups/TaskBoardRG-40783/providers/Microsoft.Web/serverFarms/task-board-plan-40783",
            "site_config": [
              {
                "always_on": false,
                "api_definition_url": "",
                "api_management_api_id": "",
                "app_command_line": "",
                "application_stack": [
                  {
                    "docker_image": "",
                    "docker_image_name": "",
                    "docker_image_tag": "",
                    "docker_registry_password": "",
                    "docker_registry_url": "",
                    "docker_registry_username": "",
                    "dotnet_version": "6.0",
                    "go_version": "",
                    "java_server": "",
                    "java_server_version": "",
                    "java_version": "",
                    "node_version": "",
                    "php_version": "",
                    "python_version": "",
                    "ruby_version": ""
                  }
                ],
                "auto_heal_enabled": false,
                "auto_heal_setting": [],
                "container_registry_managed_identity_client_id": "",
                "container_registry_use_managed_identity": false,
                "cors": [],
                "default_documents": [
                  "Default.htm",
                  "Default.html",
                  "Default.asp",
                  "index.htm",
                  "index.html",
                  "iisstart.htm",
                  "default.aspx",
                  "index.php",
                  "hostingstart.html"
                ],
                "detailed_error_logging_enabled": false,
                "ftps_state": "Disabled",
                "health_check_eviction_time_in_min": 0,
                "health_check_path": "",
                "http2_enabled": false,
                "ip_restriction": [],
                "linux_fx_version": "DOTNETCORE|6.0",
                "load_balancing_mode": "LeastRequests",
                "local_mysql_enabled": false,
                "managed_pipeline_mode": "Integrated",
                "minimum_tls_version": "1.2",
                "remote_debugging_enabled": false,
                "remote_debugging_version": "VS2019",
                "scm_ip_restriction": [],
                "scm_minimum_tls_version": "1.2",
                "scm_type": "None",
                "scm_use_main_ip_restriction": false,
                "use_32_bit_worker": true,
                "vnet_route_all_enabled": false,
                "websockets_enabled": false,
                "worker_count": 1
              }
            ],
            "site_credential": [
              {
                "name": "$task-board-40783",
                "password": "3oMx5J0Cp3wjEaDe1XhjWjLCqMYtAuglYXum3LHKvlqC6hKWuPFb7HfHbRol"
              }
            ],
            "sticky_settings": [],
            "storage_account": [],
            "tags": null,
            "timeouts": null,
            "virtual_network_subnet_id": "",
            "webdeploy_publish_basic_authentication_enabled": true,
            "zip_deploy_file": ""
          },
          "sensitive_attributes": [
            [
              {
                "type": "get_attr",
                "value": "connection_string"
              }
            ]
          ],
          "private": "eyJlMmJmYjczMC1lY2FhLTExZTYtOGY4OC0zNDM2M2JjN2M0YzAiOnsiY3JlYXRlIjoxODAwMDAwMDAwMDAwLCJkZWxldGUiOjE4MDAwMDAwMDAwMDAsInJlYWQiOjMwMDAwMDAwMDAwMCwidXBkYXRlIjoxODAwMDAwMDAwMDAwfSwic2NoZW1hX3ZlcnNpb24iOiIxIn0=",
          "dependencies": [
            "azurerm_mssql_database.database",
            "azurerm_mssql_server.mssql",
            "azurerm_resource_group.rg",
            "azurerm_service_plan.asp",
            "random_integer.ri"
          ]
        }
      ]
    },
    {
      "mode": "managed",
      "type": "azurerm_mssql_database",
      "name": "database",
      "provider": "provider[\"registry.terraform.io/hashicorp/azurerm\"]",
      "instances": [
        {
          "schema_version": 1,
          "attributes": {
            "auto_pause_delay_in_minutes": 0,
            "collation": "SQL_Latin1_General_CP1_CI_AS",
            "create_mode": "Default",
            "creation_source_database_id": null,
            "elastic_pool_id": "",
            "enclave_type": "",
            "geo_backup_enabled": true,
            "id": "/subscriptions/bb4dceca-1eda-4c76-9b54-f7140ba333e9/resourceGroups/TaskBoardRG-40783/providers/Microsoft.Sql/servers/task-board-sql-40783/databases/TaskBoardDB-40783",
            "identity": [],
            "import": [],
            "ledger_enabled": false,
            "license_type": "LicenseIncluded",
            "long_term_retention_policy": [
              {
                "immutable_backups_enabled": false,
                "monthly_retention": "PT0S",
                "week_of_year": 1,
                "weekly_retention": "PT0S",
                "yearly_retention": "PT0S"
              }
            ],
            "maintenance_configuration_name": "SQL_Default",
            "max_size_gb": 2,
            "min_capacity": 0,
            "name": "TaskBoardDB-40783",
            "read_replica_count": 0,
            "read_scale": false,
            "recover_database_id": null,
            "restore_dropped_database_id": null,
            "restore_point_in_time": null,
            "sample_name": null,
            "server_id": "/subscriptions/bb4dceca-1eda-4c76-9b54-f7140ba333e9/resourceGroups/TaskBoardRG-40783/providers/Microsoft.Sql/servers/task-board-sql-40783",
            "short_term_retention_policy": [
              {
                "backup_interval_in_hours": 24,
                "retention_days": 7
              }
            ],
            "sku_name": "S0",
            "storage_account_type": "Geo",
            "tags": null,
            "threat_detection_policy": [
              {
                "disabled_alerts": [],
                "email_account_admins": "Disabled",
                "email_addresses": [],
                "retention_days": 0,
                "state": "Disabled",
                "storage_account_access_key": "",
                "storage_endpoint": ""
              }
            ],
            "timeouts": null,
            "transparent_data_encryption_enabled": true,
            "transparent_data_encryption_key_automatic_rotation_enabled": false,
            "transparent_data_encryption_key_vault_key_id": "",
            "zone_redundant": false
          },
          "sensitive_attributes": [],
          "private": "eyJlMmJmYjczMC1lY2FhLTExZTYtOGY4OC0zNDM2M2JjN2M0YzAiOnsiY3JlYXRlIjozNjAwMDAwMDAwMDAwLCJkZWxldGUiOjM2MDAwMDAwMDAwMDAsInJlYWQiOjMwMDAwMDAwMDAwMCwidXBkYXRlIjozNjAwMDAwMDAwMDAwfSwic2NoZW1hX3ZlcnNpb24iOiIxIn0=",
          "dependencies": [
            "azurerm_mssql_server.mssql",
            "azurerm_resource_group.rg",
            "random_integer.ri"
          ]
        }
      ]
    },
    {
      "mode": "managed",
      "type": "azurerm_mssql_firewall_rule",
      "name": "firewall",
      "provider": "provider[\"registry.terraform.io/hashicorp/azurerm\"]",
      "instances": [
        {
          "schema_version": 0,
          "attributes": {
            "end_ip_address": "0.0.0.0",
            "id": "/subscriptions/bb4dceca-1eda-4c76-9b54-f7140ba333e9/resourceGroups/TaskBoardRG-40783/providers/Microsoft.Sql/servers/task-board-sql-40783/firewallRules/FirewallRule1",
            "name": "FirewallRule1",
            "server_id": "/subscriptions/bb4dceca-1eda-4c76-9b54-f7140ba333e9/resourceGroups/TaskBoardRG-40783/providers/Microsoft.Sql/servers/task-board-sql-40783",
            "start_ip_address": "0.0.0.0",
            "timeouts": null
          },
          "sensitive_attributes": [],
          "private": "eyJlMmJmYjczMC1lY2FhLTExZTYtOGY4OC0zNDM2M2JjN2M0YzAiOnsiY3JlYXRlIjoxODAwMDAwMDAwMDAwLCJkZWxldGUiOjE4MDAwMDAwMDAwMDAsInJlYWQiOjMwMDAwMDAwMDAwMCwidXBkYXRlIjoxODAwMDAwMDAwMDAwfX0=",
          "dependencies": [
            "azurerm_mssql_server.mssql",
            "azurerm_resource_group.rg",
            "random_integer.ri"
          ]
        }
      ]
    },
    {
      "mode": "managed",
      "type": "azurerm_mssql_server",
      "name": "mssql",
      "provider": "provider[\"registry.terraform.io/hashicorp/azurerm\"]",
      "instances": [
        {
          "schema_version": 0,
          "attributes": {
            "administrator_login": "4dm1n157r470r",
            "administrator_login_password": "4-v3ry-53cr37-p455w0rd",
            "azuread_administrator": [],
            "connection_policy": "Default",
            "fully_qualified_domain_name": "task-board-sql-40783.database.windows.net",
            "id": "/subscriptions/bb4dceca-1eda-4c76-9b54-f7140ba333e9/resourceGroups/TaskBoardRG-40783/providers/Microsoft.Sql/servers/task-board-sql-40783",
            "identity": [],
            "location": "westeurope",
            "minimum_tls_version": "1.2",
            "name": "task-board-sql-40783",
            "outbound_network_restriction_enabled": false,
            "primary_user_assigned_identity_id": "",
            "public_network_access_enabled": true,
            "resource_group_name": "TaskBoardRG-40783",
            "restorable_dropped_database_ids": [],
            "tags": null,
            "timeouts": null,
            "transparent_data_encryption_key_vault_key_id": "",
            "version": "12.0"
          },
          "sensitive_attributes": [],
          "private": "eyJlMmJmYjczMC1lY2FhLTExZTYtOGY4OC0zNDM2M2JjN2M0YzAiOnsiY3JlYXRlIjozNjAwMDAwMDAwMDAwLCJkZWxldGUiOjM2MDAwMDAwMDAwMDAsInJlYWQiOjMwMDAwMDAwMDAwMCwidXBkYXRlIjozNjAwMDAwMDAwMDAwfX0=",
          "dependencies": [
            "azurerm_resource_group.rg",
            "random_integer.ri"
          ]
        }
      ]
    },
    {
      "mode": "managed",
      "type": "azurerm_resource_group",
      "name": "rg",
      "provider": "provider[\"registry.terraform.io/hashicorp/azurerm\"]",
      "instances": [
        {
          "schema_version": 0,
          "attributes": {
            "id": "/subscriptions/bb4dceca-1eda-4c76-9b54-f7140ba333e9/resourceGroups/TaskBoardRG-40783",
            "location": "westeurope",
            "managed_by": "",
            "name": "TaskBoardRG-40783",
            "tags": null,
            "timeouts": null
          },
          "sensitive_attributes": [],
          "private": "eyJlMmJmYjczMC1lY2FhLTExZTYtOGY4OC0zNDM2M2JjN2M0YzAiOnsiY3JlYXRlIjo1NDAwMDAwMDAwMDAwLCJkZWxldGUiOjU0MDAwMDAwMDAwMDAsInJlYWQiOjMwMDAwMDAwMDAwMCwidXBkYXRlIjo1NDAwMDAwMDAwMDAwfX0=",
          "dependencies": [
            "random_integer.ri"
          ]
        }
      ]
    },
    {
      "mode": "managed",
      "type": "azurerm_service_plan",
      "name": "asp",
      "provider": "provider[\"registry.terraform.io/hashicorp/azurerm\"]",
      "instances": [
        {
          "schema_version": 1,
          "attributes": {
            "app_service_environment_id": "",
            "id": "/subscriptions/bb4dceca-1eda-4c76-9b54-f7140ba333e9/resourceGroups/TaskBoardRG-40783/providers/Microsoft.Web/serverFarms/task-board-plan-40783",
            "kind": "linux",
            "location": "westeurope",
            "maximum_elastic_worker_count": 1,
            "name": "task-board-plan-40783",
            "os_type": "Linux",
            "per_site_scaling_enabled": false,
            "reserved": true,
            "resource_group_name": "TaskBoardRG-40783",
            "sku_name": "F1",
            "tags": null,
            "timeouts": null,
            "worker_count": 1,
            "zone_balancing_enabled": false
          },
          "sensitive_attributes": [],
          "private": "eyJlMmJmYjczMC1lY2FhLTExZTYtOGY4OC0zNDM2M2JjN2M0YzAiOnsiY3JlYXRlIjozNjAwMDAwMDAwMDAwLCJkZWxldGUiOjM2MDAwMDAwMDAwMDAsInJlYWQiOjMwMDAwMDAwMDAwMCwidXBkYXRlIjozNjAwMDAwMDAwMDAwfSwic2NoZW1hX3ZlcnNpb24iOiIxIn0=",
          "dependencies": [
            "azurerm_resource_group.rg",
            "random_integer.ri"
          ]
        }
      ]
    },
    {
      "mode": "managed",
      "type": "random_integer",
      "name": "ri",
      "provider": "provider[\"registry.terraform.io/hashicorp/random\"]",
      "instances": [
        {
          "schema_version": 0,
          "attributes": {
            "id": "40783",
            "keepers": null,
            "max": 99999,
            "min": 10000,
            "result": 40783,
            "seed": null
          },
          "sensitive_attributes": []
        }
      ]
    }
  ],
  "check_results": null
}
